// !$*UTF8*$!
{
	archiveVersion = 1;
	classes = {
	};
	objectVersion = 46;
	objects = {

/* Begin PBXBuildFile section */
		49DA1A851BE2485A002E3D3B /* main.m in Sources */ = {isa = PBXBuildFile; fileRef = 49DA1A841BE2485A002E3D3B /* main.m */; };
		49DA1A881BE2485A002E3D3B /* AppDelegate.m in Sources */ = {isa = PBXBuildFile; fileRef = 49DA1A871BE2485A002E3D3B /* AppDelegate.m */; };
		49DA1A8B1BE2485A002E3D3B /* ViewController.m in Sources */ = {isa = PBXBuildFile; fileRef = 49DA1A8A1BE2485A002E3D3B /* ViewController.m */; };
		49DA1A8E1BE2485A002E3D3B /* Main.storyboard in Resources */ = {isa = PBXBuildFile; fileRef = 49DA1A8C1BE2485A002E3D3B /* Main.storyboard */; };
		49DA1A901BE2485A002E3D3B /* Assets.xcassets in Resources */ = {isa = PBXBuildFile; fileRef = 49DA1A8F1BE2485A002E3D3B /* Assets.xcassets */; };
		49DA1A931BE2485A002E3D3B /* LaunchScreen.storyboard in Resources */ = {isa = PBXBuildFile; fileRef = 49DA1A911BE2485A002E3D3B /* LaunchScreen.storyboard */; };
		49DA1A9E1BE2485A002E3D3B /* BJVCAnimationTests.m in Sources */ = {isa = PBXBuildFile; fileRef = 49DA1A9D1BE2485A002E3D3B /* BJVCAnimationTests.m */; };
		49DA1AA91BE2485A002E3D3B /* BJVCAnimationUITests.m in Sources */ = {isa = PBXBuildFile; fileRef = 49DA1AA81BE2485A002E3D3B /* BJVCAnimationUITests.m */; };
		49DA1AB81BE24B08002E3D3B /* PanTransition.m in Sources */ = {isa = PBXBuildFile; fileRef = 49DA1AB71BE24B08002E3D3B /* PanTransition.m */; settings = {ASSET_TAGS = (); }; };
		49DA1ABB1BE25057002E3D3B /* ModelViewController.m in Sources */ = {isa = PBXBuildFile; fileRef = 49DA1ABA1BE25057002E3D3B /* ModelViewController.m */; settings = {ASSET_TAGS = (); }; };
		49DA1AC11BE254AB002E3D3B /* NormalAnimation.m in Sources */ = {isa = PBXBuildFile; fileRef = 49DA1AC01BE254AB002E3D3B /* NormalAnimation.m */; settings = {ASSET_TAGS = (); }; };
/* End PBXBuildFile section */

/* Begin PBXContainerItemProxy section */
		49DA1A9A1BE2485A002E3D3B /* PBXContainerItemProxy */ = {
			isa = PBXContainerItemProxy;
			containerPortal = 49DA1A781BE2485A002E3D3B /* Project object */;
			proxyType = 1;
			remoteGlobalIDString = 49DA1A7F1BE2485A002E3D3B;
			remoteInfo = BJVCAnimation;
		};
		49DA1AA51BE2485A002E3D3B /* PBXContainerItemProxy */ = {
			isa = PBXContainerItemProxy;
			containerPortal = 49DA1A781BE2485A002E3D3B /* Project object */;
			proxyType = 1;
			remoteGlobalIDString = 49DA1A7F1BE2485A002E3D3B;
			remoteInfo = BJVCAnimation;
		};
/* End PBXContainerItemProxy section */

/* Begin PBXFileReference section */
		49DA1A801BE2485A002E3D3B /* BJVCAnimation.app */ = {isa = PBXFileReference; explicitFileType = wrapper.application; includeInIndex = 0; path = BJVCAnimation.app; sourceTree = BUILT_PRODUCTS_DIR; };
		49DA1A841BE2485A002E3D3B /* main.m */ = {isa = PBXFileReference; lastKnownFileType = sourcecode.c.objc; path = main.m; sourceTree = "<group>"; };
		49DA1A861BE2485A002E3D3B /* AppDelegate.h */ = {isa = PBXFileReference; lastKnownFileType = sourcecode.c.h; path = AppDelegate.h; sourceTree = "<group>"; };
		49DA1A871BE2485A002E3D3B /* AppDelegate.m */ = {isa = PBXFileReference; lastKnownFileType = sourcecode.c.objc; path = AppDelegate.m; sourceTree = "<group>"; };
		49DA1A891BE2485A002E3D3B /* ViewController.h */ = {isa = PBXFileReference; lastKnownFileType = sourcecode.c.h; path = ViewController.h; sourceTree = "<group>"; };
		49DA1A8A1BE2485A002E3D3B /* ViewController.m */ = {isa = PBXFileReference; lastKnownFileType = sourcecode.c.objc; path = ViewController.m; sourceTree = "<group>"; };
		49DA1A8D1BE2485A002E3D3B /* Base */ = {isa = PBXFileReference; lastKnownFileType = file.storyboard; name = Base; path = Base.lproj/Main.storyboard; sourceTree = "<group>"; };
		49DA1A8F1BE2485A002E3D3B /* Assets.xcassets */ = {isa = PBXFileReference; lastKnownFileType = folder.assetcatalog; path = Assets.xcassets; sourceTree = "<group>"; };
		49DA1A921BE2485A002E3D3B /* Base */ = {isa = PBXFileReference; lastKnownFileType = file.storyboard; name = Base; path = Base.lproj/LaunchScreen.storyboard; sourceTree = "<group>"; };
		49DA1A941BE2485A002E3D3B /* Info.plist */ = {isa = PBXFileReference; lastKnownFileType = text.plist.xml; path = Info.plist; sourceTree = "<group>"; };
		49DA1A991BE2485A002E3D3B /* BJVCAnimationTests.xctest */ = {isa = PBXFileReference; explicitFileType = wrapper.cfbundle; includeInIndex = 0; path = BJVCAnimationTests.xctest; sourceTree = BUILT_PRODUCTS_DIR; };
		49DA1A9D1BE2485A002E3D3B /* BJVCAnimationTests.m */ = {isa = PBXFileReference; lastKnownFileType = sourcecode.c.objc; path = BJVCAnimationTests.m; sourceTree = "<group>"; };
		49DA1A9F1BE2485A002E3D3B /* Info.plist */ = {isa = PBXFileReference; lastKnownFileType = text.plist.xml; path = Info.plist; sourceTree = "<group>"; };
		49DA1AA41BE2485A002E3D3B /* BJVCAnimationUITests.xctest */ = {isa = PBXFileReference; explicitFileType = wrapper.cfbundle; includeInIndex = 0; path = BJVCAnimationUITests.xctest; sourceTree = BUILT_PRODUCTS_DIR; };
		49DA1AA81BE2485A002E3D3B /* BJVCAnimationUITests.m */ = {isa = PBXFileReference; lastKnownFileType = sourcecode.c.objc; path = BJVCAnimationUITests.m; sourceTree = "<group>"; };
		49DA1AAA1BE2485A002E3D3B /* Info.plist */ = {isa = PBXFileReference; lastKnownFileType = text.plist.xml; path = Info.plist; sourceTree = "<group>"; };
		49DA1AB61BE24B08002E3D3B /* PanTransition.h */ = {isa = PBXFileReference; fileEncoding = 4; lastKnownFileType = sourcecode.c.h; path = PanTransition.h; sourceTree = "<group>"; };
		49DA1AB71BE24B08002E3D3B /* PanTransition.m */ = {isa = PBXFileReference; fileEncoding = 4; lastKnownFileType = sourcecode.c.objc; path = PanTransition.m; sourceTree = "<group>"; };
		49DA1AB91BE25057002E3D3B /* ModelViewController.h */ = {isa = PBXFileReference; fileEncoding = 4; lastKnownFileType = sourcecode.c.h; path = ModelViewController.h; sourceTree = "<group>"; };
		49DA1ABA1BE25057002E3D3B /* ModelViewController.m */ = {isa = PBXFileReference; fileEncoding = 4; lastKnownFileType = sourcecode.c.objc; path = ModelViewController.m; sourceTree = "<group>"; };
		49DA1ABF1BE254AB002E3D3B /* NormalAnimation.h */ = {isa = PBXFileReference; fileEncoding = 4; lastKnownFileType = sourcecode.c.h; path = NormalAnimation.h; sourceTree = "<group>"; };
		49DA1AC01BE254AB002E3D3B /* NormalAnimation.m */ = {isa = PBXFileReference; fileEncoding = 4; lastKnownFileType = sourcecode.c.objc; path = NormalAnimation.m; sourceTree = "<group>"; };
/* End PBXFileReference section */

/* Begin PBXFrameworksBuildPhase section */
		49DA1A7D1BE2485A002E3D3B /* Frameworks */ = {
			isa = PBXFrameworksBuildPhase;
			buildActionMask = 2147483647;
			files = (
			);
			runOnlyForDeploymentPostprocessing = 0;
		};
		49DA1A961BE2485A002E3D3B /* Frameworks */ = {
			isa = PBXFrameworksBuildPhase;
			buildActionMask = 2147483647;
			files = (
			);
			runOnlyForDeploymentPostprocessing = 0;
		};
		49DA1AA11BE2485A002E3D3B /* Frameworks */ = {
			isa = PBXFrameworksBuildPhase;
			buildActionMask = 2147483647;
			files = (
			);
			runOnlyForDeploymentPostprocessing = 0;
		};
/* End PBXFrameworksBuildPhase section */

/* Begin PBXGroup section */
		49DA1A771BE2485A002E3D3B = {
			isa = PBXGroup;
			children = (
				49DA1A821BE2485A002E3D3B /* BJVCAnimation */,
				49DA1A9C1BE2485A002E3D3B /* BJVCAnimationTests */,
				49DA1AA71BE2485A002E3D3B /* BJVCAnimationUITests */,
				49DA1A811BE2485A002E3D3B /* Products */,
			);
			sourceTree = "<group>";
		};
		49DA1A811BE2485A002E3D3B /* Products */ = {
			isa = PBXGroup;
			children = (
				49DA1A801BE2485A002E3D3B /* BJVCAnimation.app */,
				49DA1A991BE2485A002E3D3B /* BJVCAnimationTests.xctest */,
				49DA1AA41BE2485A002E3D3B /* BJVCAnimationUITests.xctest */,
			);
			name = Products;
			sourceTree = "<group>";
		};
		49DA1A821BE2485A002E3D3B /* BJVCAnimation */ = {
			isa = PBXGroup;
			children = (
				49DA1A861BE2485A002E3D3B /* AppDelegate.h */,
				49DA1A871BE2485A002E3D3B /* AppDelegate.m */,
				49DA1A891BE2485A002E3D3B /* ViewController.h */,
				49DA1A8A1BE2485A002E3D3B /* ViewController.m */,
				49DA1AB91BE25057002E3D3B /* ModelViewController.h */,
				49DA1ABA1BE25057002E3D3B /* ModelViewController.m */,
				49DA1AB61BE24B08002E3D3B /* PanTransition.h */,
				49DA1AB71BE24B08002E3D3B /* PanTransition.m */,
				49DA1ABF1BE254AB002E3D3B /* NormalAnimation.h */,
				49DA1AC01BE254AB002E3D3B /* NormalAnimation.m */,
				49DA1A8C1BE2485A002E3D3B /* Main.storyboard */,
				49DA1A8F1BE2485A002E3D3B /* Assets.xcassets */,
				49DA1A911BE2485A002E3D3B /* LaunchScreen.storyboard */,
				49DA1A941BE2485A002E3D3B /* Info.plist */,
				49DA1A831BE2485A002E3D3B /* Supporting Files */,
			);
			path = BJVCAnimation;
			sourceTree = "<group>";
		};
		49DA1A831BE2485A002E3D3B /* Supporting Files */ = {
			isa = PBXGroup;
			children = (
				49DA1A841BE2485A002E3D3B /* main.m */,
			);
			name = "Supporting Files";
			sourceTree = "<group>";
		};
		49DA1A9C1BE2485A002E3D3B /* BJVCAnimationTests */ = {
			isa = PBXGroup;
			children = (
				49DA1A9D1BE2485A002E3D3B /* BJVCAnimationTests.m */,
				49DA1A9F1BE2485A002E3D3B /* Info.plist */,
			);
			path = BJVCAnimationTests;
			sourceTree = "<group>";
		};
		49DA1AA71BE2485A002E3D3B /* BJVCAnimationUITests */ = {
			isa = PBXGroup;
			children = (
				49DA1AA81BE2485A002E3D3B /* BJVCAnimationUITests.m */,
				49DA1AAA1BE2485A002E3D3B /* Info.plist */,
			);
			path = BJVCAnimationUITests;
			sourceTree = "<group>";
		};
/* End PBXGroup section */

/* Begin PBXNativeTarget section */
		49DA1A7F1BE2485A002E3D3B /* BJVCAnimation */ = {
			isa = PBXNativeTarget;
			buildConfigurationList = 49DA1AAD1BE2485A002E3D3B /* Build configuration list for PBXNativeTarget "BJVCAnimation" */;
			buildPhases = (
				49DA1A7C1BE2485A002E3D3B /* Sources */,
				49DA1A7D1BE2485A002E3D3B /* Frameworks */,
				49DA1A7E1BE2485A002E3D3B /* Resources */,
			);
			buildRules = (
			);
			dependencies = (
			);
			name = BJVCAnimation;
			productName = BJVCAnimation;
			productReference = 49DA1A801BE2485A002E3D3B /* BJVCAnimation.app */;
			productType = "com.apple.product-type.application";
		};
		49DA1A981BE2485A002E3D3B /* BJVCAnimationTests */ = {
			isa = PBXNativeTarget;
			buildConfigurationList = 49DA1AB01BE2485A002E3D3B /* Build configuration list for PBXNativeTarget "BJVCAnimationTests" */;
			buildPhases = (
				49DA1A951BE2485A002E3D3B /* Sources */,
				49DA1A961BE2485A002E3D3B /* Frameworks */,
				49DA1A971BE2485A002E3D3B /* Resources */,
			);
			buildRules = (
			);
			dependencies = (
				49DA1A9B1BE2485A002E3D3B /* PBXTargetDependency */,
			);
			name = BJVCAnimationTests;
			productName = BJVCAnimationTests;
			productReference = 49DA1A991BE2485A002E3D3B /* BJVCAnimationTests.xctest */;
			productType = "com.apple.product-type.bundle.unit-test";
		};
		49DA1AA31BE2485A002E3D3B /* BJVCAnimationUITests */ = {
			isa = PBXNativeTarget;
			buildConfigurationList = 49DA1AB31BE2485A002E3D3B /* Build configuration list for PBXNativeTarget "BJVCAnimationUITests" */;
			buildPhases = (
				49DA1AA01BE2485A002E3D3B /* Sources */,
				49DA1AA11BE2485A002E3D3B /* Frameworks */,
				49DA1AA21BE2485A002E3D3B /* Resources */,
			);
			buildRules = (
			);
			dependencies = (
				49DA1AA61BE2485A002E3D3B /* PBXTargetDependency */,
			);
			name = BJVCAnimationUITests;
			productName = BJVCAnimationUITests;
			productReference = 49DA1AA41BE2485A002E3D3B /* BJVCAnimationUITests.xctest */;
			productType = "com.apple.product-type.bundle.ui-testing";
		};
/* End PBXNativeTarget section */

/* Begin PBXProject section */
		49DA1A781BE2485A002E3D3B /* Project object */ = {
			isa = PBXProject;
			attributes = {
				LastUpgradeCheck = 0700;
				ORGANIZATIONNAME = zbj;
				TargetAttributes = {
					49DA1A7F1BE2485A002E3D3B = {
						CreatedOnToolsVersion = 7.0;
					};
					49DA1A981BE2485A002E3D3B = {
						CreatedOnToolsVersion = 7.0;
						TestTargetID = 49DA1A7F1BE2485A002E3D3B;
					};
					49DA1AA31BE2485A002E3D3B = {
						CreatedOnToolsVersion = 7.0;
						TestTargetID = 49DA1A7F1BE2485A002E3D3B;
					};
				};
			};
			buildConfigurationList = 49DA1A7B1BE2485A002E3D3B /* Build configuration list for PBXProject "BJVCAnimation" */;
			compatibilityVersion = "Xcode 3.2";
			developmentRegion = English;
			hasScannedForEncodings = 0;
			knownRegions = (
				en,
				Base,
			);
			mainGroup = 49DA1A771BE2485A002E3D3B;
			productRefGroup = 49DA1A811BE2485A002E3D3B /* Products */;
			projectDirPath = "";
			projectRoot = "";
			targets = (
				49DA1A7F1BE2485A002E3D3B /* BJVCAnimation */,
				49DA1A981BE2485A002E3D3B /* BJVCAnimationTests */,
				49DA1AA31BE2485A002E3D3B /* BJVCAnimationUITests */,
			);
		};
/* End PBXProject section */

/* Begin PBXResourcesBuildPhase section */
		49DA1A7E1BE2485A002E3D3B /* Resources */ = {
			isa = PBXResourcesBuildPhase;
			buildActionMask = 2147483647;
			files = (
				49DA1A931BE2485A002E3D3B /* LaunchScreen.storyboard in Resources */,
				49DA1A901BE2485A002E3D3B /* Assets.xcassets in Resources */,
				49DA1A8E1BE2485A002E3D3B /* Main.storyboard in Resources */,
			);
			runOnlyForDeploymentPostprocessing = 0;
		};
		49DA1A971BE2485A002E3D3B /* Resources */ = {
			isa = PBXResourcesBuildPhase;
			buildActionMask = 2147483647;
			files = (
			);
			runOnlyForDeploymentPostprocessing = 0;
		};
		49DA1AA21BE2485A002E3D3B /* Resources */ = {
			isa = PBXResourcesBuildPhase;
			buildActionMask = 2147483647;
			files = (
			);
			runOnlyForDeploymentPostprocessing = 0;
		};
/* End PBXResourcesBuildPhase section */

/* Begin PBXSourcesBuildPhase section */
		49DA1A7C1BE2485A002E3D3B /* Sources */ = {
			isa = PBXSourcesBuildPhase;
			buildActionMask = 2147483647;
			files = (
				49DA1AB81BE24B08002E3D3B /* PanTransition.m in Sources */,
				49DA1ABB1BE25057002E3D3B /* ModelViewController.m in Sources */,
				49DA1A8B1BE2485A002E3D3B /* ViewController.m in Sources */,
				49DA1A881BE2485A002E3D3B /* AppDelegate.m in Sources */,
				49DA1AC11BE254AB002E3D3B /* NormalAnimation.m in Sources */,
				49DA1A851BE2485A002E3D3B /* main.m in Sources */,
			);
			runOnlyForDeploymentPostprocessing = 0;
		};
		49DA1A951BE2485A002E3D3B /* Sources */ = {
			isa = PBXSourcesBuildPhase;
			buildActionMask = 2147483647;
			files = (
				49DA1A9E1BE2485A002E3D3B /* BJVCAnimationTests.m in Sources */,
			);
			runOnlyForDeploymentPostprocessing = 0;
		};
		49DA1AA01BE2485A002E3D3B /* Sources */ = {
			isa = PBXSourcesBuildPhase;
			buildActionMask = 2147483647;
			files = (
				49DA1AA91BE2485A002E3D3B /* BJVCAnimationUITests.m in Sources */,
			);
			runOnlyForDeploymentPostprocessing = 0;
		};
/* End PBXSourcesBuildPhase section */

/* Begin PBXTargetDependency section */
		49DA1A9B1BE2485A002E3D3B /* PBXTargetDependency */ = {
			isa = PBXTargetDependency;
			target = 49DA1A7F1BE2485A002E3D3B /* BJVCAnimation */;
			targetProxy = 49DA1A9A1BE2485A002E3D3B /* PBXContainerItemProxy */;
		};
		49DA1AA61BE2485A002E3D3B /* PBXTargetDependency */ = {
			isa = PBXTargetDependency;
			target = 49DA1A7F1BE2485A002E3D3B /* BJVCAnimation */;
			targetProxy = 49DA1AA51BE2485A002E3D3B /* PBXContainerItemProxy */;
		};
/* End PBXTargetDependency section */

/* Begin PBXVariantGroup section */
		49DA1A8C1BE2485A002E3D3B /* Main.storyboard */ = {
			isa = PBXVariantGroup;
			children = (
				49DA1A8D1BE2485A002E3D3B /* Base */,
			);
			name = Main.storyboard;
			sourceTree = "<group>";
		};
		49DA1A911BE2485A002E3D3B /* LaunchScreen.storyboard */ = {
			isa = PBXVariantGroup;
			children = (
				49DA1A921BE2485A002E3D3B /* Base */,
			);
			name = LaunchScreen.storyboard;
			sourceTree = "<group>";
		};
/* End PBXVariantGroup section */

/* Begin XCBuildConfiguration section */
		49DA1AAB1BE2485A002E3D3B /* Debug */ = {
			isa = XCBuildConfiguration;
			buildSettings = {
				ALWAYS_SEARCH_USER_PATHS = NO;
				CLANG_CXX_LANGUAGE_STANDARD = "gnu++0x";
				CLANG_CXX_LIBRARY = "libc++";
				CLANG_ENABLE_MODULES = YES;
				CLANG_ENABLE_OBJC_ARC = YES;
				CLANG_WARN_BOOL_CONVERSION = YES;
				CLANG_WARN_CONSTANT_CONVERSION = YES;
				CLANG_WARN_DIRECT_OBJC_ISA_USAGE = YES_ERROR;
				CLANG_WARN_EMPTY_BODY = YES;
				CLANG_WARN_ENUM_CONVERSION = YES;
				CLANG_WARN_INT_CONVERSION = YES;
				CLANG_WARN_OBJC_ROOT_CLASS = YES_ERROR;
				CLANG_WARN_UNREACHABLE_CODE = YES;
				CLANG_WARN__DUPLICATE_METHOD_MATCH = YES;
				"CODE_SIGN_IDENTITY[sdk=iphoneos*]" = "iPhone Developer";
				COPY_PHASE_STRIP = NO;
				DEBUG_INFORMATION_FORMAT = dwarf;
				ENABLE_STRICT_OBJC_MSGSEND = YES;
				ENABLE_TESTABILITY = YES;
				GCC_C_LANGUAGE_STANDARD = gnu99;
				GCC_DYNAMIC_NO_PIC = NO;
				GCC_NO_COMMON_BLOCKS = YES;
				GCC_OPTIMIZATION_LEVEL = 0;
				GCC_PREPROCESSOR_DEFINITIONS = (
					"DEBUG=1",
					"$(inherited)",
				);
				GCC_WARN_64_TO_32_BIT_CONVERSION = YES;
				GCC_WARN_ABOUT_RETURN_TYPE = YES_ERROR;
				GCC_WARN_UNDECLARED_SELECTOR = YES;
				GCC_WARN_UNINITIALIZED_AUTOS = YES_AGGRESSIVE;
				GCC_WARN_UNUSED_FUNCTION = YES;
				GCC_WARN_UNUSED_VARIABLE = YES;
				IPHONEOS_DEPLOYMENT_TARGET = 9.0;
				MTL_ENABLE_DEBUG_INFO = YES;
				ONLY_ACTIVE_ARCH = YES;
				SDKROOT = iphoneos;
			};
			name = Debug;
		};
		49DA1AAC1BE2485A002E3D3B /* Release */ = {
			isa = XCBuildConfiguration;
			buildSettings = {
				ALWAYS_SEARCH_USER_PATHS = NO;
				CLANG_CXX_LANGUAGE_STANDARD = "gnu++0x";
				CLANG_CXX_LIBRARY = "libc++";
				CLANG_ENABLE_MODULES = YES;
				CLANG_ENABLE_OBJC_ARC = YES;
				CLANG_WARN_BOOL_CONVERSION = YES;
				CLANG_WARN_CONSTANT_CONVERSION = YES;
				CLANG_WARN_DIRECT_OBJC_ISA_USAGE = YES_ERROR;
				CLANG_WARN_EMPTY_BODY = YES;
				CLANG_WARN_ENUM_CONVERSION = YES;
				CLANG_WARN_INT_CONVERSION = YES;
				CLANG_WARN_OBJC_ROOT_CLASS = YES_ERROR;
				CLANG_WARN_UNREACHABLE_CODE = YES;
				CLANG_WARN__DUPLICATE_METHOD_MATCH = YES;
				"CODE_SIGN_IDENTITY[sdk=iphoneos*]" = "iPhone Developer";
				COPY_PHASE_STRIP = NO;
				DEBUG_INFORMATION_FORMAT = "dwarf-with-dsym";
				ENABLE_NS_ASSERTIONS = NO;
				ENABLE_STRICT_OBJC_MSGSEND = YES;
				GCC_C_LANGUAGE_STANDARD = gnu99;
				GCC_NO_COMMON_BLOCKS = YES;
				GCC_WARN_64_TO_32_BIT_CONVERSION = YES;
				GCC_WARN_ABOUT_RETURN_TYPE = YES_ERROR;
				GCC_WARN_UNDECLARED_SELECTOR = YES;
				GCC_WARN_UNINITIALIZED_AUTOS = YES_AGGRESSIVE;
				GCC_WARN_UNUSED_FUNCTION = YES;
				GCC_WARN_UNUSED_VARIABLE = YES;
				IPHONEOS_DEPLOYMENT_TARGET = 9.0;
				MTL_ENABLE_DEBUG_INFO = NO;
				SDKROOT = iphoneos;
				VALIDATE_PRODUCT = YES;
			};
			name = Release;
		};
		49DA1AAE1BE2485A002E3D3B /* Debug */ = {
			isa = XCBuildConfiguration;
			buildSettings = {
				ASSETCATALOG_COMPILER_APPICON_NAME = AppIcon;
				INFOPLIST_FILE = BJVCAnimation/Info.plist;
				LD_RUNPATH_SEARCH_PATHS = "$(inherited) @executable_path/Frameworks";
				PRODUCT_BUNDLE_IDENTIFIER = zbj.BJVCAnimation;
				PRODUCT_NAME = "$(TARGET_NAME)";
			};
			name = Debug;
		};
		49DA1AAF1BE2485A002E3D3B /* Release */ = {
			isa = XCBuildConfiguration;
			buildSettings = {
				ASSETCATALOG_COMPILER_APPICON_NAME = AppIcon;
				INFOPLIST_FILE = BJVCAnimation/Info.plist;
				LD_RUNPATH_SEARCH_PATHS = "$(inherited) @executable_path/Frameworks";
				PRODUCT_BUNDLE_IDENTIFIER = zbj.BJVCAnimation;
				PRODUCT_NAME = "$(TARGET_NAME)";
			};
			name = Release;
		};
		49DA1AB11BE2485A002E3D3B /* Debug */ = {
			isa = XCBuildConfiguration;
			buildSettings = {
				BUNDLE_LOADER = "$(TEST_HOST)";
				INFOPLIST_FILE = BJVCAnimationTests/Info.plist;
				LD_RUNPATH_SEARCH_PATHS = "$(inherited) @executable_path/Frameworks @loader_path/Frameworks";
				PRODUCT_BUNDLE_IDENTIFIER = zbj.BJVCAnimationTests;
				PRODUCT_NAME = "$(TARGET_NAME)";
				TEST_HOST = "$(BUILT_PRODUCTS_DIR)/BJVCAnimation.app/BJVCAnimation";
			};
			name = Debug;
		};
		49DA1AB21BE2485A002E3D3B /* Release */ = {
			isa = XCBuildConfiguration;
			buildSettings = {
				BUNDLE_LOADER = "$(TEST_HOST)";
				INFOPLIST_FILE = BJVCAnimationTests/Info.plist;
				LD_RUNPATH_SEARCH_PATHS = "$(inherited) @executable_path/Frameworks @loader_path/Frameworks";
				PRODUCT_BUNDLE_IDENTIFIER = zbj.BJVCAnimationTests;
				PRODUCT_NAME = "$(TARGET_NAME)";
				TEST_HOST = "$(BUILT_PRODUCTS_DIR)/BJVCAnimation.app/BJVCAnimation";
			};
			name = Release;
		};
		49DA1AB41BE2485A002E3D3B /* Debug */ = {
			isa = XCBuildConfiguration;
			buildSettings = {
				INFOPLIST_FILE = BJVCAnimationUITests/Info.plist;
				LD_RUNPATH_SEARCH_PATHS = "$(inherited) @executable_path/Frameworks @loader_path/Frameworks";
				PRODUCT_BUNDLE_IDENTIFIER = zbj.BJVCAnimationUITests;
				PRODUCT_NAME = "$(TARGET_NAME)";
				TEST_TARGET_NAME = BJVCAnimation;
				USES_XCTRUNNER = YES;
			};
			name = Debug;
		};
		49DA1AB51BE2485A002E3D3B /* Release */ = {
			isa = XCBuildConfiguration;
			buildSettings = {
				INFOPLIST_FILE = BJVCAnimationUITests/Info.plist;
				LD_RUNPATH_SEARCH_PATHS = "$(inherited) @executable_path/Frameworks @loader_path/Frameworks";
				PRODUCT_BUNDLE_IDENTIFIER = zbj.BJVCAnimationUITests;
				PRODUCT_NAME = "$(TARGET_NAME)";
				TEST_TARGET_NAME = BJVCAnimation;
				USES_XCTRUNNER = YES;
			};
			name = Release;
		};
/* End XCBuildConfiguration section */

/* Begin XCConfigurationList section */
		49DA1A7B1BE2485A002E3D3B /* Build configuration list for PBXProject "BJVCAnimation" */ = {
			isa = XCConfigurationList;
			buildConfigurations = (
				49DA1AAB1BE2485A002E3D3B /* Debug */,
				49DA1AAC1BE2485A002E3D3B /* Release */,
			);
			defaultConfigurationIsVisible = 0;
			defaultConfigurationName = Release;
		};
		49DA1AAD1BE2485A002E3D3B /* Build configuration list for PBXNativeTarget "BJVCAnimation" */ = {
			isa = XCConfigurationList;
			buildConfigurations = (
				49DA1AAE1BE2485A002E3D3B /* Debug */,
				49DA1AAF1BE2485A002E3D3B /* Release */,
			);
			defaultConfigurationIsVisible = 0;
			defaultConfigurationName = Release;
		};
		49DA1AB01BE2485A002E3D3B /* Build configuration list for PBXNativeTarget "BJVCAnimationTests" */ = {
			isa = XCConfigurationList;
			buildConfigurations = (
				49DA1AB11BE2485A002E3D3B /* Debug */,
				49DA1AB21BE2485A002E3D3B /* Release */,
			);
			defaultConfigurationIsVisible = 0;
			defaultConfigurationName = Release;
		};
		49DA1AB31BE2485A002E3D3B /* Build configuration list for PBXNativeTarget "BJVCAnimationUITests" */ = {
			isa = XCConfigurationList;
			buildConfigurations = (
				49DA1AB41BE2485A002E3D3B /* Debug */,
				49DA1AB51BE2485A002E3D3B /* Release */,
			);
			defaultConfigurationIsVisible = 0;
			defaultConfigurationName = Release;
		};
/* End XCConfigurationList section */
	};
	rootObject = 49DA1A781BE2485A002E3D3B /* Project object */;
}
